
Microsoft Visual Studio Solution File, Format Version 12.00
# Visual Studio 15
VisualStudioVersion = 15.0.28307.421
MinimumVisualStudioVersion = 10.0.40219.1
Project("{9A19103F-16F7-4668-BE54-9A1E7A4F7556}") = "RoyalMailAPI.App", "RoyalMailAPI.App\RoyalMailAPI.App.csproj", "{BA242580-6968-4461-9751-48B266B85356}"
EndProject
Project("{9A19103F-16F7-4668-BE54-9A1E7A4F7556}") = "RoyalMailAPI.Service", "RoyalMailAPI.Service\RoyalMailAPI.Service.csproj", "{C6C4945F-986D-49FA-82C4-DC983DA0A3A0}"
EndProject
Project("{9A19103F-16F7-4668-BE54-9A1E7A4F7556}") = "RoyalMailAPI.Web", "RoyalMailAPI.Web\RoyalMailAPI.Web.csproj", "{D9CBEE37-6181-4177-A76E-C15577E37F63}"
EndProject
Project("{FAE04EC0-301F-11D3-BF4B-00C04F79EFBC}") = "RoyalMailAPI.UnitTests", "RoyalMailAPI.UnitTests\RoyalMailAPI.UnitTests.csproj", "{FA519BCA-8285-4DE1-8AED-C857AA2602AB}"
EndProject
Global
	GlobalSection(SolutionConfigurationPlatforms) = preSolution
		Debug|Any CPU = Debug|Any CPU
		Release|Any CPU = Release|Any CPU
	EndGlobalSection
	GlobalSection(ProjectConfigurationPlatforms) = postSolution
		{BA242580-6968-4461-9751-48B266B85356}.Debug|Any CPU.ActiveCfg = Debug|Any CPU
		{BA242580-6968-4461-9751-48B266B85356}.Debug|Any CPU.Build.0 = Debug|Any CPU
		{BA242580-6968-4461-9751-48B266B85356}.Release|Any CPU.ActiveCfg = Release|Any CPU
		{BA242580-6968-4461-9751-48B266B85356}.Release|Any CPU.Build.0 = Release|Any CPU
		{C6C4945F-986D-49FA-82C4-DC983DA0A3A0}.Debug|Any CPU.ActiveCfg = Debug|Any CPU
		{C6C4945F-986D-49FA-82C4-DC983DA0A3A0}.Debug|Any CPU.Build.0 = Debug|Any CPU
		{C6C4945F-986D-49FA-82C4-DC983DA0A3A0}.Release|Any CPU.ActiveCfg = Release|Any CPU
		{C6C4945F-986D-49FA-82C4-DC983DA0A3A0}.Release|Any CPU.Build.0 = Release|Any CPU
		{D9CBEE37-6181-4177-A76E-C15577E37F63}.Debug|Any CPU.ActiveCfg = Debug|Any CPU
		{D9CBEE37-6181-4177-A76E-C15577E37F63}.Debug|Any CPU.Build.0 = Debug|Any CPU
		{D9CBEE37-6181-4177-A76E-C15577E37F63}.Release|Any CPU.ActiveCfg = Release|Any CPU
		{D9CBEE37-6181-4177-A76E-C15577E37F63}.Release|Any CPU.Build.0 = Release|Any CPU
		{FA519BCA-8285-4DE1-8AED-C857AA2602AB}.Debug|Any CPU.ActiveCfg = Debug|Any CPU
		{FA519BCA-8285-4DE1-8AED-C857AA2602AB}.Debug|Any CPU.Build.0 = Debug|Any CPU
		{FA519BCA-8285-4DE1-8AED-C857AA2602AB}.Release|Any CPU.ActiveCfg = Release|Any CPU
		{FA519BCA-8285-4DE1-8AED-C857AA2602AB}.Release|Any CPU.Build.0 = Release|Any CPU
	EndGlobalSection
	GlobalSection(SolutionProperties) = preSolution
		HideSolutionNode = FALSE
	EndGlobalSection
	GlobalSection(ExtensibilityGlobals) = postSolution
		SolutionGuid = {FFE13B92-EAA9-45FD-BBA6-484CB5945481}
	EndGlobalSection
EndGlobal
